
Microsoft Visual Studio Solution File, Format Version 12.00
# Visual Studio Version 16
VisualStudioVersion = 16.0.34031.81
MinimumVisualStudioVersion = 10.0.40219.1
Project("{FAE04EC0-301F-11D3-BF4B-00C04F79EFBC}") = "FlowerShop", "FlowerShop\FlowerShop.csproj", "{D96959DE-0C90-4F93-818E-B16683F85BF5}"
EndProject
Global
	GlobalSection(SolutionConfigurationPlatforms) = preSolution
		Debug|Any CPU = Debug|Any CPU
		Release|Any CPU = Release|Any CPU
	EndGlobalSection
	GlobalSection(ProjectConfigurationPlatforms) = postSolution
		{D96959DE-0C90-4F93-818E-B16683F85BF5}.Debug|Any CPU.ActiveCfg = Debug|Any CPU
		{D96959DE-0C90-4F93-818E-B16683F85BF5}.Debug|Any CPU.Build.0 = Debug|Any CPU
		{D96959DE-0C90-4F93-818E-B16683F85BF5}.Release|Any CPU.ActiveCfg = Release|Any CPU
		{D96959DE-0C90-4F93-818E-B16683F85BF5}.Release|Any CPU.Build.0 = Release|Any CPU
	EndGlobalSection
	GlobalSection(SolutionProperties) = preSolution
		HideSolutionNode = FALSE
	EndGlobalSection
	GlobalSection(ExtensibilityGlobals) = postSolution
		SolutionGuid = {19B56FA8-CCAC-46C7-BFB6-66F52E243097}
	EndGlobalSection
EndGlobal
